
Microsoft Visual Studio Solution File, Format Version 12.00
# Visual Studio Version 16
VisualStudioVersion = 16.0.31410.357
MinimumVisualStudioVersion = 10.0.40219.1
Project("{9A19103F-16F7-4668-BE54-9A1E7A4F7556}") = "Udemy.WebApi", "Udemy.WebApi\Udemy.WebApi.csproj", "{6A33EA93-EA6C-450F-8378-9FD461CE1A85}"
EndProject
Project("{FAE04EC0-301F-11D3-BF4B-00C04F79EFBC}") = "Udemy.ConsumeAPI", "Udemy.ConsumeAPI\Udemy.ConsumeAPI.csproj", "{553EC9CD-C157-47FB-8C26-357E5894A1EE}"
EndProject
Global
	GlobalSection(SolutionConfigurationPlatforms) = preSolution
		Debug|Any CPU = Debug|Any CPU
		Release|Any CPU = Release|Any CPU
	EndGlobalSection
	GlobalSection(ProjectConfigurationPlatforms) = postSolution
		{6A33EA93-EA6C-450F-8378-9FD461CE1A85}.Debug|Any CPU.ActiveCfg = Debug|Any CPU
		{6A33EA93-EA6C-450F-8378-9FD461CE1A85}.Debug|Any CPU.Build.0 = Debug|Any CPU
		{6A33EA93-EA6C-450F-8378-9FD461CE1A85}.Release|Any CPU.ActiveCfg = Release|Any CPU
		{6A33EA93-EA6C-450F-8378-9FD461CE1A85}.Release|Any CPU.Build.0 = Release|Any CPU
		{553EC9CD-C157-47FB-8C26-357E5894A1EE}.Debug|Any CPU.ActiveCfg = Debug|Any CPU
		{553EC9CD-C157-47FB-8C26-357E5894A1EE}.Debug|Any CPU.Build.0 = Debug|Any CPU
		{553EC9CD-C157-47FB-8C26-357E5894A1EE}.Release|Any CPU.ActiveCfg = Release|Any CPU
		{553EC9CD-C157-47FB-8C26-357E5894A1EE}.Release|Any CPU.Build.0 = Release|Any CPU
	EndGlobalSection
	GlobalSection(SolutionProperties) = preSolution
		HideSolutionNode = FALSE
	EndGlobalSection
	GlobalSection(ExtensibilityGlobals) = postSolution
		SolutionGuid = {F52FE45D-CC9D-4328-B22D-B443DEE856A1}
	EndGlobalSection
EndGlobal
